// !$*UTF8*$!
{
	archiveVersion = 1;
	classes = {
	};
	objectVersion = 56;
	objects = {

/* Begin PBXBuildFile section */
		6A7BC4042C352C7C006D2045 /* TrafficLightsTimingConfiguration.swift in Sources */ = {isa = PBXBuildFile; fileRef = 6A7BC4032C352C7C006D2045 /* TrafficLightsTimingConfiguration.swift */; };
		6A7BC4132C353073006D2045 /* CarModelTests.swift in Sources */ = {isa = PBXBuildFile; fileRef = 6A7BC4122C353073006D2045 /* CarModelTests.swift */; };
		6A7BC4152C35330E006D2045 /* TrafficLightTests.swift in Sources */ = {isa = PBXBuildFile; fileRef = 6A7BC4142C35330E006D2045 /* TrafficLightTests.swift */; };
		6A7BC4172C3533EA006D2045 /* CarModelNameCountValidatorTests.swift in Sources */ = {isa = PBXBuildFile; fileRef = 6A7BC4162C3533EA006D2045 /* CarModelNameCountValidatorTests.swift */; };
		6A7BC41B2C3538BB006D2045 /* TrafficLightsTimingConfigurationTests.swift in Sources */ = {isa = PBXBuildFile; fileRef = 6A7BC41A2C3538BB006D2045 /* TrafficLightsTimingConfigurationTests.swift */; };
		6A7BC41D2C353EBB006D2045 /* TrafficLightStateTests.swift in Sources */ = {isa = PBXBuildFile; fileRef = 6A7BC41C2C353EBB006D2045 /* TrafficLightStateTests.swift */; };
		6A7BC41F2C3542E3006D2045 /* LightTimingConfiguration.swift in Sources */ = {isa = PBXBuildFile; fileRef = 6A7BC41E2C3542E3006D2045 /* LightTimingConfiguration.swift */; };
		6A7BC4222C354348006D2045 /* MockLightTimingConfiguration.swift in Sources */ = {isa = PBXBuildFile; fileRef = 6A7BC4212C354348006D2045 /* MockLightTimingConfiguration.swift */; };
		6A7BC4242C354761006D2045 /* TrafficLightViewConfigurationTests.swift in Sources */ = {isa = PBXBuildFile; fileRef = 6A7BC4232C354761006D2045 /* TrafficLightViewConfigurationTests.swift */; };
		6A7BC4262C3548F2006D2045 /* MockTrafficLightsRouter.swift in Sources */ = {isa = PBXBuildFile; fileRef = 6A7BC4252C3548F2006D2045 /* MockTrafficLightsRouter.swift */; };
		6A7BC4282C354949006D2045 /* MockCarModelNameValidator.swift in Sources */ = {isa = PBXBuildFile; fileRef = 6A7BC4272C354949006D2045 /* MockCarModelNameValidator.swift */; };
		6A7BC42A2C3549BE006D2045 /* CarDetailViewModelTests.swift in Sources */ = {isa = PBXBuildFile; fileRef = 6A7BC4292C3549BE006D2045 /* CarDetailViewModelTests.swift */; };
		6A7BC42E2C355007006D2045 /* SemaphoreViewModelTests.swift in Sources */ = {isa = PBXBuildFile; fileRef = 6A7BC42D2C355007006D2045 /* SemaphoreViewModelTests.swift */; };
		6A7BC4302C3554D4006D2045 /* TrafficLightsViewControllerFactoryImplTests.swift in Sources */ = {isa = PBXBuildFile; fileRef = 6A7BC42F2C3554D4006D2045 /* TrafficLightsViewControllerFactoryImplTests.swift */; };
		6A7EA72B2C33ED3600D083C3 /* AppDelegate.swift in Sources */ = {isa = PBXBuildFile; fileRef = 6A7EA72A2C33ED3600D083C3 /* AppDelegate.swift */; };
		6A7EA72D2C33ED3600D083C3 /* SceneDelegate.swift in Sources */ = {isa = PBXBuildFile; fileRef = 6A7EA72C2C33ED3600D083C3 /* SceneDelegate.swift */; };
		6A7EA7342C33ED3900D083C3 /* Assets.xcassets in Resources */ = {isa = PBXBuildFile; fileRef = 6A7EA7332C33ED3900D083C3 /* Assets.xcassets */; };
		6A7EA7372C33ED3900D083C3 /* LaunchScreen.storyboard in Resources */ = {isa = PBXBuildFile; fileRef = 6A7EA7352C33ED3900D083C3 /* LaunchScreen.storyboard */; };
		6A7EA7462C33EDB700D083C3 /* TrafficLight.swift in Sources */ = {isa = PBXBuildFile; fileRef = 6A7EA7452C33EDB700D083C3 /* TrafficLight.swift */; };
		6A7EA74A2C33EEA900D083C3 /* Coordinator.swift in Sources */ = {isa = PBXBuildFile; fileRef = 6A7EA7492C33EEA900D083C3 /* Coordinator.swift */; };
		6A7EA74C2C33EFCC00D083C3 /* CarModelViewController.swift in Sources */ = {isa = PBXBuildFile; fileRef = 6A7EA74B2C33EFCC00D083C3 /* CarModelViewController.swift */; };
		6A7EA74E2C33EFF800D083C3 /* SemaphoreViewController.swift in Sources */ = {isa = PBXBuildFile; fileRef = 6A7EA74D2C33EFF800D083C3 /* SemaphoreViewController.swift */; };
		6A7EA7502C33F1CD00D083C3 /* TrafficRoute.swift in Sources */ = {isa = PBXBuildFile; fileRef = 6A7EA74F2C33F1CD00D083C3 /* TrafficRoute.swift */; };
		6A7EA7672C33F6BF00D083C3 /* TrafficLightsCoordinator.swift in Sources */ = {isa = PBXBuildFile; fileRef = 6A7EA7662C33F6BF00D083C3 /* TrafficLightsCoordinator.swift */; };
		6A7EA7692C33F99E00D083C3 /* CarModel.swift in Sources */ = {isa = PBXBuildFile; fileRef = 6A7EA7682C33F99E00D083C3 /* CarModel.swift */; };
		6A7EA76B2C33FBAE00D083C3 /* CarDetailViewModel.swift in Sources */ = {isa = PBXBuildFile; fileRef = 6A7EA76A2C33FBAE00D083C3 /* CarDetailViewModel.swift */; };
		6A7EA76D2C33FC8900D083C3 /* CarModelNameCountValidator.swift in Sources */ = {isa = PBXBuildFile; fileRef = 6A7EA76C2C33FC8900D083C3 /* CarModelNameCountValidator.swift */; };
		6A7EA76F2C33FD8500D083C3 /* CarModelNameValidator.swift in Sources */ = {isa = PBXBuildFile; fileRef = 6A7EA76E2C33FD8500D083C3 /* CarModelNameValidator.swift */; };
		6A7EA7712C34053100D083C3 /* TrafficLightsRouter.swift in Sources */ = {isa = PBXBuildFile; fileRef = 6A7EA7702C34053100D083C3 /* TrafficLightsRouter.swift */; };
		6A7EA7742C3405CF00D083C3 /* SemaphoreViewModel.swift in Sources */ = {isa = PBXBuildFile; fileRef = 6A7EA7732C3405CF00D083C3 /* SemaphoreViewModel.swift */; };
		6A7EA77C2C3406E500D083C3 /* TrafficLightsViewControllerFactoryImpl.swift in Sources */ = {isa = PBXBuildFile; fileRef = 6A7EA77B2C3406E500D083C3 /* TrafficLightsViewControllerFactoryImpl.swift */; };
		6A7EA77E2C3408BC00D083C3 /* TrafficLightsViewControllerFactory.swift in Sources */ = {isa = PBXBuildFile; fileRef = 6A7EA77D2C3408BC00D083C3 /* TrafficLightsViewControllerFactory.swift */; };
		6A7EA7912C3427DF00D083C3 /* TrafficLightState.swift in Sources */ = {isa = PBXBuildFile; fileRef = 6A7EA7902C3427DF00D083C3 /* TrafficLightState.swift */; };
		6A7EA7992C34463600D083C3 /* UIColor+Helpers.swift in Sources */ = {isa = PBXBuildFile; fileRef = 6A7EA7982C34463600D083C3 /* UIColor+Helpers.swift */; };
		6A7EA79B2C34479700D083C3 /* TrafficLightsView.swift in Sources */ = {isa = PBXBuildFile; fileRef = 6A7EA79A2C34479700D083C3 /* TrafficLightsView.swift */; };
		6A7EA79D2C3447FF00D083C3 /* TrafficLightView.swift in Sources */ = {isa = PBXBuildFile; fileRef = 6A7EA79C2C3447FF00D083C3 /* TrafficLightView.swift */; };
		6A7EA79F2C34486600D083C3 /* TrafficLightViewConfiguration.swift in Sources */ = {isa = PBXBuildFile; fileRef = 6A7EA79E2C34486600D083C3 /* TrafficLightViewConfiguration.swift */; };
/* End PBXBuildFile section */

/* Begin PBXContainerItemProxy section */
		6A7BC40D2C35305E006D2045 /* PBXContainerItemProxy */ = {
			isa = PBXContainerItemProxy;
			containerPortal = 6A7EA71F2C33ED3600D083C3 /* Project object */;
			proxyType = 1;
			remoteGlobalIDString = 6A7EA7262C33ED3600D083C3;
			remoteInfo = TrafficLights;
		};
/* End PBXContainerItemProxy section */

/* Begin PBXFileReference section */
		6A7BC4032C352C7C006D2045 /* TrafficLightsTimingConfiguration.swift */ = {isa = PBXFileReference; lastKnownFileType = sourcecode.swift; path = TrafficLightsTimingConfiguration.swift; sourceTree = "<group>"; };
		6A7BC4092C35305E006D2045 /* TrafficLightsTests.xctest */ = {isa = PBXFileReference; explicitFileType = wrapper.cfbundle; includeInIndex = 0; path = TrafficLightsTests.xctest; sourceTree = BUILT_PRODUCTS_DIR; };
		6A7BC4122C353073006D2045 /* CarModelTests.swift */ = {isa = PBXFileReference; lastKnownFileType = sourcecode.swift; path = CarModelTests.swift; sourceTree = "<group>"; };
		6A7BC4142C35330E006D2045 /* TrafficLightTests.swift */ = {isa = PBXFileReference; lastKnownFileType = sourcecode.swift; path = TrafficLightTests.swift; sourceTree = "<group>"; };
		6A7BC4162C3533EA006D2045 /* CarModelNameCountValidatorTests.swift */ = {isa = PBXFileReference; lastKnownFileType = sourcecode.swift; path = CarModelNameCountValidatorTests.swift; sourceTree = "<group>"; };
		6A7BC41A2C3538BB006D2045 /* TrafficLightsTimingConfigurationTests.swift */ = {isa = PBXFileReference; lastKnownFileType = sourcecode.swift; path = TrafficLightsTimingConfigurationTests.swift; sourceTree = "<group>"; };
		6A7BC41C2C353EBB006D2045 /* TrafficLightStateTests.swift */ = {isa = PBXFileReference; lastKnownFileType = sourcecode.swift; path = TrafficLightStateTests.swift; sourceTree = "<group>"; };
		6A7BC41E2C3542E3006D2045 /* LightTimingConfiguration.swift */ = {isa = PBXFileReference; lastKnownFileType = sourcecode.swift; path = LightTimingConfiguration.swift; sourceTree = "<group>"; };
		6A7BC4212C354348006D2045 /* MockLightTimingConfiguration.swift */ = {isa = PBXFileReference; lastKnownFileType = sourcecode.swift; path = MockLightTimingConfiguration.swift; sourceTree = "<group>"; };
		6A7BC4232C354761006D2045 /* TrafficLightViewConfigurationTests.swift */ = {isa = PBXFileReference; lastKnownFileType = sourcecode.swift; path = TrafficLightViewConfigurationTests.swift; sourceTree = "<group>"; };
		6A7BC4252C3548F2006D2045 /* MockTrafficLightsRouter.swift */ = {isa = PBXFileReference; lastKnownFileType = sourcecode.swift; path = MockTrafficLightsRouter.swift; sourceTree = "<group>"; };
		6A7BC4272C354949006D2045 /* MockCarModelNameValidator.swift */ = {isa = PBXFileReference; lastKnownFileType = sourcecode.swift; path = MockCarModelNameValidator.swift; sourceTree = "<group>"; };
		6A7BC4292C3549BE006D2045 /* CarDetailViewModelTests.swift */ = {isa = PBXFileReference; lastKnownFileType = sourcecode.swift; path = CarDetailViewModelTests.swift; sourceTree = "<group>"; };
		6A7BC42D2C355007006D2045 /* SemaphoreViewModelTests.swift */ = {isa = PBXFileReference; lastKnownFileType = sourcecode.swift; path = SemaphoreViewModelTests.swift; sourceTree = "<group>"; };
		6A7BC42F2C3554D4006D2045 /* TrafficLightsViewControllerFactoryImplTests.swift */ = {isa = PBXFileReference; lastKnownFileType = sourcecode.swift; path = TrafficLightsViewControllerFactoryImplTests.swift; sourceTree = "<group>"; };
		6A7EA7272C33ED3600D083C3 /* TrafficLights.app */ = {isa = PBXFileReference; explicitFileType = wrapper.application; includeInIndex = 0; path = TrafficLights.app; sourceTree = BUILT_PRODUCTS_DIR; };
		6A7EA72A2C33ED3600D083C3 /* AppDelegate.swift */ = {isa = PBXFileReference; lastKnownFileType = sourcecode.swift; path = AppDelegate.swift; sourceTree = "<group>"; };
		6A7EA72C2C33ED3600D083C3 /* SceneDelegate.swift */ = {isa = PBXFileReference; lastKnownFileType = sourcecode.swift; path = SceneDelegate.swift; sourceTree = "<group>"; };
		6A7EA7332C33ED3900D083C3 /* Assets.xcassets */ = {isa = PBXFileReference; lastKnownFileType = folder.assetcatalog; path = Assets.xcassets; sourceTree = "<group>"; };
		6A7EA7362C33ED3900D083C3 /* Base */ = {isa = PBXFileReference; lastKnownFileType = file.storyboard; name = Base; path = Base.lproj/LaunchScreen.storyboard; sourceTree = "<group>"; };
		6A7EA7382C33ED3900D083C3 /* Info.plist */ = {isa = PBXFileReference; lastKnownFileType = text.plist.xml; path = Info.plist; sourceTree = "<group>"; };
		6A7EA7452C33EDB700D083C3 /* TrafficLight.swift */ = {isa = PBXFileReference; lastKnownFileType = sourcecode.swift; path = TrafficLight.swift; sourceTree = "<group>"; };
		6A7EA7492C33EEA900D083C3 /* Coordinator.swift */ = {isa = PBXFileReference; lastKnownFileType = sourcecode.swift; path = Coordinator.swift; sourceTree = "<group>"; };
		6A7EA74B2C33EFCC00D083C3 /* CarModelViewController.swift */ = {isa = PBXFileReference; lastKnownFileType = sourcecode.swift; path = CarModelViewController.swift; sourceTree = "<group>"; };
		6A7EA74D2C33EFF800D083C3 /* SemaphoreViewController.swift */ = {isa = PBXFileReference; lastKnownFileType = sourcecode.swift; path = SemaphoreViewController.swift; sourceTree = "<group>"; };
		6A7EA74F2C33F1CD00D083C3 /* TrafficRoute.swift */ = {isa = PBXFileReference; lastKnownFileType = sourcecode.swift; path = TrafficRoute.swift; sourceTree = "<group>"; };
		6A7EA7662C33F6BF00D083C3 /* TrafficLightsCoordinator.swift */ = {isa = PBXFileReference; lastKnownFileType = sourcecode.swift; path = TrafficLightsCoordinator.swift; sourceTree = "<group>"; };
		6A7EA7682C33F99E00D083C3 /* CarModel.swift */ = {isa = PBXFileReference; fileEncoding = 4; lastKnownFileType = sourcecode.swift; path = CarModel.swift; sourceTree = "<group>"; };
		6A7EA76A2C33FBAE00D083C3 /* CarDetailViewModel.swift */ = {isa = PBXFileReference; lastKnownFileType = sourcecode.swift; path = CarDetailViewModel.swift; sourceTree = "<group>"; };
		6A7EA76C2C33FC8900D083C3 /* CarModelNameCountValidator.swift */ = {isa = PBXFileReference; lastKnownFileType = sourcecode.swift; path = CarModelNameCountValidator.swift; sourceTree = "<group>"; };
		6A7EA76E2C33FD8500D083C3 /* CarModelNameValidator.swift */ = {isa = PBXFileReference; lastKnownFileType = sourcecode.swift; path = CarModelNameValidator.swift; sourceTree = "<group>"; };
		6A7EA7702C34053100D083C3 /* TrafficLightsRouter.swift */ = {isa = PBXFileReference; lastKnownFileType = sourcecode.swift; path = TrafficLightsRouter.swift; sourceTree = "<group>"; };
		6A7EA7732C3405CF00D083C3 /* SemaphoreViewModel.swift */ = {isa = PBXFileReference; lastKnownFileType = sourcecode.swift; path = SemaphoreViewModel.swift; sourceTree = "<group>"; };
		6A7EA77B2C3406E500D083C3 /* TrafficLightsViewControllerFactoryImpl.swift */ = {isa = PBXFileReference; lastKnownFileType = sourcecode.swift; path = TrafficLightsViewControllerFactoryImpl.swift; sourceTree = "<group>"; };
		6A7EA77D2C3408BC00D083C3 /* TrafficLightsViewControllerFactory.swift */ = {isa = PBXFileReference; lastKnownFileType = sourcecode.swift; path = TrafficLightsViewControllerFactory.swift; sourceTree = "<group>"; };
		6A7EA7902C3427DF00D083C3 /* TrafficLightState.swift */ = {isa = PBXFileReference; lastKnownFileType = sourcecode.swift; path = TrafficLightState.swift; sourceTree = "<group>"; };
		6A7EA7982C34463600D083C3 /* UIColor+Helpers.swift */ = {isa = PBXFileReference; lastKnownFileType = sourcecode.swift; path = "UIColor+Helpers.swift"; sourceTree = "<group>"; };
		6A7EA79A2C34479700D083C3 /* TrafficLightsView.swift */ = {isa = PBXFileReference; lastKnownFileType = sourcecode.swift; path = TrafficLightsView.swift; sourceTree = "<group>"; };
		6A7EA79C2C3447FF00D083C3 /* TrafficLightView.swift */ = {isa = PBXFileReference; lastKnownFileType = sourcecode.swift; path = TrafficLightView.swift; sourceTree = "<group>"; };
		6A7EA79E2C34486600D083C3 /* TrafficLightViewConfiguration.swift */ = {isa = PBXFileReference; lastKnownFileType = sourcecode.swift; path = TrafficLightViewConfiguration.swift; sourceTree = "<group>"; };
/* End PBXFileReference section */

/* Begin PBXFrameworksBuildPhase section */
		6A7BC4062C35305E006D2045 /* Frameworks */ = {
			isa = PBXFrameworksBuildPhase;
			buildActionMask = 2147483647;
			files = (
			);
			runOnlyForDeploymentPostprocessing = 0;
		};
		6A7EA7242C33ED3600D083C3 /* Frameworks */ = {
			isa = PBXFrameworksBuildPhase;
			buildActionMask = 2147483647;
			files = (
			);
			runOnlyForDeploymentPostprocessing = 0;
		};
/* End PBXFrameworksBuildPhase section */

/* Begin PBXGroup section */
		6A7BC40A2C35305E006D2045 /* TrafficLightsTests */ = {
			isa = PBXGroup;
			children = (
				6A7BC4202C354337006D2045 /* Mocks */,
				6A7BC4122C353073006D2045 /* CarModelTests.swift */,
				6A7BC4142C35330E006D2045 /* TrafficLightTests.swift */,
				6A7BC4162C3533EA006D2045 /* CarModelNameCountValidatorTests.swift */,
				6A7BC41A2C3538BB006D2045 /* TrafficLightsTimingConfigurationTests.swift */,
				6A7BC41C2C353EBB006D2045 /* TrafficLightStateTests.swift */,
				6A7BC4232C354761006D2045 /* TrafficLightViewConfigurationTests.swift */,
				6A7BC4292C3549BE006D2045 /* CarDetailViewModelTests.swift */,
				6A7BC42D2C355007006D2045 /* SemaphoreViewModelTests.swift */,
				6A7BC42F2C3554D4006D2045 /* TrafficLightsViewControllerFactoryImplTests.swift */,
			);
			path = TrafficLightsTests;
			sourceTree = "<group>";
		};
		6A7BC4202C354337006D2045 /* Mocks */ = {
			isa = PBXGroup;
			children = (
				6A7BC4212C354348006D2045 /* MockLightTimingConfiguration.swift */,
				6A7BC4252C3548F2006D2045 /* MockTrafficLightsRouter.swift */,
				6A7BC4272C354949006D2045 /* MockCarModelNameValidator.swift */,
			);
			path = Mocks;
			sourceTree = "<group>";
		};
		6A7EA71E2C33ED3600D083C3 = {
			isa = PBXGroup;
			children = (
				6A7EA7292C33ED3600D083C3 /* TrafficLights */,
				6A7BC40A2C35305E006D2045 /* TrafficLightsTests */,
				6A7EA7282C33ED3600D083C3 /* Products */,
			);
			sourceTree = "<group>";
		};
		6A7EA7282C33ED3600D083C3 /* Products */ = {
			isa = PBXGroup;
			children = (
				6A7EA7272C33ED3600D083C3 /* TrafficLights.app */,
				6A7BC4092C35305E006D2045 /* TrafficLightsTests.xctest */,
			);
			name = Products;
			sourceTree = "<group>";
		};
		6A7EA7292C33ED3600D083C3 /* TrafficLights */ = {
			isa = PBXGroup;
			children = (
				6A7EA7972C34462300D083C3 /* Extensions */,
				6A7EA77A2C3406C500D083C3 /* ViewControllerFactories */,
				6A7EA7432C33ED6200D083C3 /* Views */,
				6A7EA7422C33ED5A00D083C3 /* ViewControllers */,
				6A7EA7412C33ED5400D083C3 /* Coordinators */,
				6A7EA7402C33ED4E00D083C3 /* ViewModels */,
				6A7EA73F2C33ED4700D083C3 /* Models */,
				6A7EA72A2C33ED3600D083C3 /* AppDelegate.swift */,
				6A7EA72C2C33ED3600D083C3 /* SceneDelegate.swift */,
				6A7EA7332C33ED3900D083C3 /* Assets.xcassets */,
				6A7EA7352C33ED3900D083C3 /* LaunchScreen.storyboard */,
				6A7EA7382C33ED3900D083C3 /* Info.plist */,
			);
			path = TrafficLights;
			sourceTree = "<group>";
		};
		6A7EA73F2C33ED4700D083C3 /* Models */ = {
			isa = PBXGroup;
			children = (
				6A7EA79E2C34486600D083C3 /* TrafficLightViewConfiguration.swift */,
				6A7EA7682C33F99E00D083C3 /* CarModel.swift */,
				6A7EA7452C33EDB700D083C3 /* TrafficLight.swift */,
				6A7EA76C2C33FC8900D083C3 /* CarModelNameCountValidator.swift */,
				6A7EA76E2C33FD8500D083C3 /* CarModelNameValidator.swift */,
				6A7EA7902C3427DF00D083C3 /* TrafficLightState.swift */,
				6A7BC4032C352C7C006D2045 /* TrafficLightsTimingConfiguration.swift */,
				6A7BC41E2C3542E3006D2045 /* LightTimingConfiguration.swift */,
			);
			path = Models;
			sourceTree = "<group>";
		};
		6A7EA7402C33ED4E00D083C3 /* ViewModels */ = {
			isa = PBXGroup;
			children = (
				6A7EA76A2C33FBAE00D083C3 /* CarDetailViewModel.swift */,
				6A7EA7732C3405CF00D083C3 /* SemaphoreViewModel.swift */,
			);
			path = ViewModels;
			sourceTree = "<group>";
		};
		6A7EA7412C33ED5400D083C3 /* Coordinators */ = {
			isa = PBXGroup;
			children = (
				6A7EA7492C33EEA900D083C3 /* Coordinator.swift */,
				6A7EA74F2C33F1CD00D083C3 /* TrafficRoute.swift */,
				6A7EA7662C33F6BF00D083C3 /* TrafficLightsCoordinator.swift */,
				6A7EA7702C34053100D083C3 /* TrafficLightsRouter.swift */,
			);
			path = Coordinators;
			sourceTree = "<group>";
		};
		6A7EA7422C33ED5A00D083C3 /* ViewControllers */ = {
			isa = PBXGroup;
			children = (
				6A7EA74B2C33EFCC00D083C3 /* CarModelViewController.swift */,
				6A7EA74D2C33EFF800D083C3 /* SemaphoreViewController.swift */,
			);
			path = ViewControllers;
			sourceTree = "<group>";
		};
		6A7EA7432C33ED6200D083C3 /* Views */ = {
			isa = PBXGroup;
			children = (
				6A7EA79A2C34479700D083C3 /* TrafficLightsView.swift */,
				6A7EA79C2C3447FF00D083C3 /* TrafficLightView.swift */,
			);
			path = Views;
			sourceTree = "<group>";
		};
		6A7EA77A2C3406C500D083C3 /* ViewControllerFactories */ = {
			isa = PBXGroup;
			children = (
				6A7EA77B2C3406E500D083C3 /* TrafficLightsViewControllerFactoryImpl.swift */,
				6A7EA77D2C3408BC00D083C3 /* TrafficLightsViewControllerFactory.swift */,
			);
			path = ViewControllerFactories;
			sourceTree = "<group>";
		};
		6A7EA7972C34462300D083C3 /* Extensions */ = {
			isa = PBXGroup;
			children = (
				6A7EA7982C34463600D083C3 /* UIColor+Helpers.swift */,
			);
			path = Extensions;
			sourceTree = "<group>";
		};
/* End PBXGroup section */

/* Begin PBXNativeTarget section */
		6A7BC4082C35305E006D2045 /* TrafficLightsTests */ = {
			isa = PBXNativeTarget;
			buildConfigurationList = 6A7BC40F2C35305E006D2045 /* Build configuration list for PBXNativeTarget "TrafficLightsTests" */;
			buildPhases = (
				6A7BC4052C35305E006D2045 /* Sources */,
				6A7BC4062C35305E006D2045 /* Frameworks */,
				6A7BC4072C35305E006D2045 /* Resources */,
			);
			buildRules = (
			);
			dependencies = (
				6A7BC42C2C354D9D006D2045 /* PBXTargetDependency */,
				6A7BC40E2C35305E006D2045 /* PBXTargetDependency */,
			);
			name = TrafficLightsTests;
			productName = TrafficLightsTests;
			productReference = 6A7BC4092C35305E006D2045 /* TrafficLightsTests.xctest */;
			productType = "com.apple.product-type.bundle.unit-test";
		};
		6A7EA7262C33ED3600D083C3 /* TrafficLights */ = {
			isa = PBXNativeTarget;
			buildConfigurationList = 6A7EA73B2C33ED3900D083C3 /* Build configuration list for PBXNativeTarget "TrafficLights" */;
			buildPhases = (
				6A7EA7232C33ED3600D083C3 /* Sources */,
				6A7EA7242C33ED3600D083C3 /* Frameworks */,
				6A7EA7252C33ED3600D083C3 /* Resources */,
			);
			buildRules = (
			);
			dependencies = (
				6A7EA7962C34426E00D083C3 /* PBXTargetDependency */,
			);
			name = TrafficLights;
			productName = TrafficLights;
			productReference = 6A7EA7272C33ED3600D083C3 /* TrafficLights.app */;
			productType = "com.apple.product-type.application";
		};
/* End PBXNativeTarget section */

/* Begin PBXProject section */
		6A7EA71F2C33ED3600D083C3 /* Project object */ = {
			isa = PBXProject;
			attributes = {
				BuildIndependentTargetsInParallel = 1;
				LastSwiftUpdateCheck = 1520;
				LastUpgradeCheck = 1520;
				TargetAttributes = {
					6A7BC4082C35305E006D2045 = {
						CreatedOnToolsVersion = 15.2;
						TestTargetID = 6A7EA7262C33ED3600D083C3;
					};
					6A7EA7262C33ED3600D083C3 = {
						CreatedOnToolsVersion = 15.2;
					};
				};
			};
			buildConfigurationList = 6A7EA7222C33ED3600D083C3 /* Build configuration list for PBXProject "TrafficLights" */;
			compatibilityVersion = "Xcode 14.0";
			developmentRegion = en;
			hasScannedForEncodings = 0;
			knownRegions = (
				en,
				Base,
			);
			mainGroup = 6A7EA71E2C33ED3600D083C3;
			packageReferences = (
				6A7EA7942C34425500D083C3 /* XCRemoteSwiftPackageReference "SwiftLintPlugins" */,
			);
			productRefGroup = 6A7EA7282C33ED3600D083C3 /* Products */;
			projectDirPath = "";
			projectRoot = "";
			targets = (
				6A7EA7262C33ED3600D083C3 /* TrafficLights */,
				6A7BC4082C35305E006D2045 /* TrafficLightsTests */,
			);
		};
/* End PBXProject section */

/* Begin PBXResourcesBuildPhase section */
		6A7BC4072C35305E006D2045 /* Resources */ = {
			isa = PBXResourcesBuildPhase;
			buildActionMask = 2147483647;
			files = (
			);
			runOnlyForDeploymentPostprocessing = 0;
		};
		6A7EA7252C33ED3600D083C3 /* Resources */ = {
			isa = PBXResourcesBuildPhase;
			buildActionMask = 2147483647;
			files = (
				6A7EA7372C33ED3900D083C3 /* LaunchScreen.storyboard in Resources */,
				6A7EA7342C33ED3900D083C3 /* Assets.xcassets in Resources */,
			);
			runOnlyForDeploymentPostprocessing = 0;
		};
/* End PBXResourcesBuildPhase section */

/* Begin PBXSourcesBuildPhase section */
		6A7BC4052C35305E006D2045 /* Sources */ = {
			isa = PBXSourcesBuildPhase;
			buildActionMask = 2147483647;
			files = (
				6A7BC4172C3533EA006D2045 /* CarModelNameCountValidatorTests.swift in Sources */,
				6A7BC4222C354348006D2045 /* MockLightTimingConfiguration.swift in Sources */,
				6A7BC4302C3554D4006D2045 /* TrafficLightsViewControllerFactoryImplTests.swift in Sources */,
				6A7BC4152C35330E006D2045 /* TrafficLightTests.swift in Sources */,
				6A7BC42E2C355007006D2045 /* SemaphoreViewModelTests.swift in Sources */,
				6A7BC4132C353073006D2045 /* CarModelTests.swift in Sources */,
				6A7BC41B2C3538BB006D2045 /* TrafficLightsTimingConfigurationTests.swift in Sources */,
				6A7BC4262C3548F2006D2045 /* MockTrafficLightsRouter.swift in Sources */,
				6A7BC42A2C3549BE006D2045 /* CarDetailViewModelTests.swift in Sources */,
				6A7BC4282C354949006D2045 /* MockCarModelNameValidator.swift in Sources */,
				6A7BC4242C354761006D2045 /* TrafficLightViewConfigurationTests.swift in Sources */,
				6A7BC41D2C353EBB006D2045 /* TrafficLightStateTests.swift in Sources */,
			);
			runOnlyForDeploymentPostprocessing = 0;
		};
		6A7EA7232C33ED3600D083C3 /* Sources */ = {
			isa = PBXSourcesBuildPhase;
			buildActionMask = 2147483647;
			files = (
				6A7EA76F2C33FD8500D083C3 /* CarModelNameValidator.swift in Sources */,
				6A7EA7742C3405CF00D083C3 /* SemaphoreViewModel.swift in Sources */,
				6A7EA76B2C33FBAE00D083C3 /* CarDetailViewModel.swift in Sources */,
				6A7EA79D2C3447FF00D083C3 /* TrafficLightView.swift in Sources */,
				6A7EA74C2C33EFCC00D083C3 /* CarModelViewController.swift in Sources */,
				6A7EA77E2C3408BC00D083C3 /* TrafficLightsViewControllerFactory.swift in Sources */,
				6A7BC41F2C3542E3006D2045 /* LightTimingConfiguration.swift in Sources */,
				6A7EA77C2C3406E500D083C3 /* TrafficLightsViewControllerFactoryImpl.swift in Sources */,
				6A7EA74E2C33EFF800D083C3 /* SemaphoreViewController.swift in Sources */,
				6A7EA7912C3427DF00D083C3 /* TrafficLightState.swift in Sources */,
				6A7EA7672C33F6BF00D083C3 /* TrafficLightsCoordinator.swift in Sources */,
				6A7EA74A2C33EEA900D083C3 /* Coordinator.swift in Sources */,
				6A7EA79F2C34486600D083C3 /* TrafficLightViewConfiguration.swift in Sources */,
				6A7EA79B2C34479700D083C3 /* TrafficLightsView.swift in Sources */,
				6A7EA72B2C33ED3600D083C3 /* AppDelegate.swift in Sources */,
				6A7EA7692C33F99E00D083C3 /* CarModel.swift in Sources */,
				6A7EA76D2C33FC8900D083C3 /* CarModelNameCountValidator.swift in Sources */,
				6A7EA7992C34463600D083C3 /* UIColor+Helpers.swift in Sources */,
				6A7BC4042C352C7C006D2045 /* TrafficLightsTimingConfiguration.swift in Sources */,
				6A7EA7502C33F1CD00D083C3 /* TrafficRoute.swift in Sources */,
				6A7EA72D2C33ED3600D083C3 /* SceneDelegate.swift in Sources */,
				6A7EA7712C34053100D083C3 /* TrafficLightsRouter.swift in Sources */,
				6A7EA7462C33EDB700D083C3 /* TrafficLight.swift in Sources */,
			);
			runOnlyForDeploymentPostprocessing = 0;
		};
/* End PBXSourcesBuildPhase section */

/* Begin PBXTargetDependency section */
		6A7BC40E2C35305E006D2045 /* PBXTargetDependency */ = {
			isa = PBXTargetDependency;
			target = 6A7EA7262C33ED3600D083C3 /* TrafficLights */;
			targetProxy = 6A7BC40D2C35305E006D2045 /* PBXContainerItemProxy */;
		};
		6A7BC42C2C354D9D006D2045 /* PBXTargetDependency */ = {
			isa = PBXTargetDependency;
			productRef = 6A7BC42B2C354D9D006D2045 /* SwiftLintBuildToolPlugin */;
		};
		6A7EA7962C34426E00D083C3 /* PBXTargetDependency */ = {
			isa = PBXTargetDependency;
			productRef = 6A7EA7952C34426E00D083C3 /* SwiftLintBuildToolPlugin */;
		};
/* End PBXTargetDependency section */

/* Begin PBXVariantGroup section */
		6A7EA7352C33ED3900D083C3 /* LaunchScreen.storyboard */ = {
			isa = PBXVariantGroup;
			children = (
				6A7EA7362C33ED3900D083C3 /* Base */,
			);
			name = LaunchScreen.storyboard;
			sourceTree = "<group>";
		};
/* End PBXVariantGroup section */

/* Begin XCBuildConfiguration section */
		6A7BC4102C35305E006D2045 /* Debug */ = {
			isa = XCBuildConfiguration;
			buildSettings = {
				BUNDLE_LOADER = "$(TEST_HOST)";
				CODE_SIGN_STYLE = Automatic;
				CURRENT_PROJECT_VERSION = 1;
				DEVELOPMENT_TEAM = 67H5W5F3SW;
				GENERATE_INFOPLIST_FILE = YES;
				MARKETING_VERSION = 1.0;
				PRODUCT_BUNDLE_IDENTIFIER = com.alin.petrus.TrafficLightsTests;
				PRODUCT_NAME = "$(TARGET_NAME)";
				SWIFT_EMIT_LOC_STRINGS = NO;
				SWIFT_VERSION = 5.0;
				TARGETED_DEVICE_FAMILY = "1,2";
				TEST_HOST = "$(BUILT_PRODUCTS_DIR)/TrafficLights.app/$(BUNDLE_EXECUTABLE_FOLDER_PATH)/TrafficLights";
			};
			name = Debug;
		};
		6A7BC4112C35305E006D2045 /* Release */ = {
			isa = XCBuildConfiguration;
			buildSettings = {
				BUNDLE_LOADER = "$(TEST_HOST)";
				CODE_SIGN_STYLE = Automatic;
				CURRENT_PROJECT_VERSION = 1;
				DEVELOPMENT_TEAM = 67H5W5F3SW;
				GENERATE_INFOPLIST_FILE = YES;
				MARKETING_VERSION = 1.0;
				PRODUCT_BUNDLE_IDENTIFIER = com.alin.petrus.TrafficLightsTests;
				PRODUCT_NAME = "$(TARGET_NAME)";
				SWIFT_EMIT_LOC_STRINGS = NO;
				SWIFT_VERSION = 5.0;
				TARGETED_DEVICE_FAMILY = "1,2";
				TEST_HOST = "$(BUILT_PRODUCTS_DIR)/TrafficLights.app/$(BUNDLE_EXECUTABLE_FOLDER_PATH)/TrafficLights";
			};
			name = Release;
		};
		6A7EA7392C33ED3900D083C3 /* Debug */ = {
			isa = XCBuildConfiguration;
			buildSettings = {
				ALWAYS_SEARCH_USER_PATHS = NO;
				ASSETCATALOG_COMPILER_GENERATE_SWIFT_ASSET_SYMBOL_EXTENSIONS = YES;
				CLANG_ANALYZER_NONNULL = YES;
				CLANG_ANALYZER_NUMBER_OBJECT_CONVERSION = YES_AGGRESSIVE;
				CLANG_CXX_LANGUAGE_STANDARD = "gnu++20";
				CLANG_ENABLE_MODULES = YES;
				CLANG_ENABLE_OBJC_ARC = YES;
				CLANG_ENABLE_OBJC_WEAK = YES;
				CLANG_WARN_BLOCK_CAPTURE_AUTORELEASING = YES;
				CLANG_WARN_BOOL_CONVERSION = YES;
				CLANG_WARN_COMMA = YES;
				CLANG_WARN_CONSTANT_CONVERSION = YES;
				CLANG_WARN_DEPRECATED_OBJC_IMPLEMENTATIONS = YES;
				CLANG_WARN_DIRECT_OBJC_ISA_USAGE = YES_ERROR;
				CLANG_WARN_DOCUMENTATION_COMMENTS = YES;
				CLANG_WARN_EMPTY_BODY = YES;
				CLANG_WARN_ENUM_CONVERSION = YES;
				CLANG_WARN_INFINITE_RECURSION = YES;
				CLANG_WARN_INT_CONVERSION = YES;
				CLANG_WARN_NON_LITERAL_NULL_CONVERSION = YES;
				CLANG_WARN_OBJC_IMPLICIT_RETAIN_SELF = YES;
				CLANG_WARN_OBJC_LITERAL_CONVERSION = YES;
				CLANG_WARN_OBJC_ROOT_CLASS = YES_ERROR;
				CLANG_WARN_QUOTED_INCLUDE_IN_FRAMEWORK_HEADER = YES;
				CLANG_WARN_RANGE_LOOP_ANALYSIS = YES;
				CLANG_WARN_STRICT_PROTOTYPES = YES;
				CLANG_WARN_SUSPICIOUS_MOVE = YES;
				CLANG_WARN_UNGUARDED_AVAILABILITY = YES_AGGRESSIVE;
				CLANG_WARN_UNREACHABLE_CODE = YES;
				CLANG_WARN__DUPLICATE_METHOD_MATCH = YES;
				COPY_PHASE_STRIP = NO;
				DEBUG_INFORMATION_FORMAT = dwarf;
				ENABLE_STRICT_OBJC_MSGSEND = YES;
				ENABLE_TESTABILITY = YES;
				ENABLE_USER_SCRIPT_SANDBOXING = YES;
				GCC_C_LANGUAGE_STANDARD = gnu17;
				GCC_DYNAMIC_NO_PIC = NO;
				GCC_NO_COMMON_BLOCKS = YES;
				GCC_OPTIMIZATION_LEVEL = 0;
				GCC_PREPROCESSOR_DEFINITIONS = (
					"DEBUG=1",
					"$(inherited)",
				);
				GCC_WARN_64_TO_32_BIT_CONVERSION = YES;
				GCC_WARN_ABOUT_RETURN_TYPE = YES_ERROR;
				GCC_WARN_UNDECLARED_SELECTOR = YES;
				GCC_WARN_UNINITIALIZED_AUTOS = YES_AGGRESSIVE;
				GCC_WARN_UNUSED_FUNCTION = YES;
				GCC_WARN_UNUSED_VARIABLE = YES;
				IPHONEOS_DEPLOYMENT_TARGET = 17.2;
				LOCALIZATION_PREFERS_STRING_CATALOGS = YES;
				MTL_ENABLE_DEBUG_INFO = INCLUDE_SOURCE;
				MTL_FAST_MATH = YES;
				ONLY_ACTIVE_ARCH = YES;
				SDKROOT = iphoneos;
				SWIFT_ACTIVE_COMPILATION_CONDITIONS = "DEBUG $(inherited)";
				SWIFT_OPTIMIZATION_LEVEL = "-Onone";
			};
			name = Debug;
		};
		6A7EA73A2C33ED3900D083C3 /* Release */ = {
			isa = XCBuildConfiguration;
			buildSettings = {
				ALWAYS_SEARCH_USER_PATHS = NO;
				ASSETCATALOG_COMPILER_GENERATE_SWIFT_ASSET_SYMBOL_EXTENSIONS = YES;
				CLANG_ANALYZER_NONNULL = YES;
				CLANG_ANALYZER_NUMBER_OBJECT_CONVERSION = YES_AGGRESSIVE;
				CLANG_CXX_LANGUAGE_STANDARD = "gnu++20";
				CLANG_ENABLE_MODULES = YES;
				CLANG_ENABLE_OBJC_ARC = YES;
				CLANG_ENABLE_OBJC_WEAK = YES;
				CLANG_WARN_BLOCK_CAPTURE_AUTORELEASING = YES;
				CLANG_WARN_BOOL_CONVERSION = YES;
				CLANG_WARN_COMMA = YES;
				CLANG_WARN_CONSTANT_CONVERSION = YES;
				CLANG_WARN_DEPRECATED_OBJC_IMPLEMENTATIONS = YES;
				CLANG_WARN_DIRECT_OBJC_ISA_USAGE = YES_ERROR;
				CLANG_WARN_DOCUMENTATION_COMMENTS = YES;
				CLANG_WARN_EMPTY_BODY = YES;
				CLANG_WARN_ENUM_CONVERSION = YES;
				CLANG_WARN_INFINITE_RECURSION = YES;
				CLANG_WARN_INT_CONVERSION = YES;
				CLANG_WARN_NON_LITERAL_NULL_CONVERSION = YES;
				CLANG_WARN_OBJC_IMPLICIT_RETAIN_SELF = YES;
				CLANG_WARN_OBJC_LITERAL_CONVERSION = YES;
				CLANG_WARN_OBJC_ROOT_CLASS = YES_ERROR;
				CLANG_WARN_QUOTED_INCLUDE_IN_FRAMEWORK_HEADER = YES;
				CLANG_WARN_RANGE_LOOP_ANALYSIS = YES;
				CLANG_WARN_STRICT_PROTOTYPES = YES;
				CLANG_WARN_SUSPICIOUS_MOVE = YES;
				CLANG_WARN_UNGUARDED_AVAILABILITY = YES_AGGRESSIVE;
				CLANG_WARN_UNREACHABLE_CODE = YES;
				CLANG_WARN__DUPLICATE_METHOD_MATCH = YES;
				COPY_PHASE_STRIP = NO;
				DEBUG_INFORMATION_FORMAT = "dwarf-with-dsym";
				ENABLE_NS_ASSERTIONS = NO;
				ENABLE_STRICT_OBJC_MSGSEND = YES;
				ENABLE_USER_SCRIPT_SANDBOXING = YES;
				GCC_C_LANGUAGE_STANDARD = gnu17;
				GCC_NO_COMMON_BLOCKS = YES;
				GCC_WARN_64_TO_32_BIT_CONVERSION = YES;
				GCC_WARN_ABOUT_RETURN_TYPE = YES_ERROR;
				GCC_WARN_UNDECLARED_SELECTOR = YES;
				GCC_WARN_UNINITIALIZED_AUTOS = YES_AGGRESSIVE;
				GCC_WARN_UNUSED_FUNCTION = YES;
				GCC_WARN_UNUSED_VARIABLE = YES;
				IPHONEOS_DEPLOYMENT_TARGET = 17.2;
				LOCALIZATION_PREFERS_STRING_CATALOGS = YES;
				MTL_ENABLE_DEBUG_INFO = NO;
				MTL_FAST_MATH = YES;
				SDKROOT = iphoneos;
				SWIFT_COMPILATION_MODE = wholemodule;
				VALIDATE_PRODUCT = YES;
			};
			name = Release;
		};
		6A7EA73C2C33ED3900D083C3 /* Debug */ = {
			isa = XCBuildConfiguration;
			buildSettings = {
				ASSETCATALOG_COMPILER_APPICON_NAME = AppIcon;
				ASSETCATALOG_COMPILER_GLOBAL_ACCENT_COLOR_NAME = AccentColor;
				CODE_SIGN_STYLE = Automatic;
				CURRENT_PROJECT_VERSION = 1;
				DEVELOPMENT_TEAM = 67H5W5F3SW;
				GENERATE_INFOPLIST_FILE = YES;
				INFOPLIST_FILE = TrafficLights/Info.plist;
				INFOPLIST_KEY_UIApplicationSupportsIndirectInputEvents = YES;
				INFOPLIST_KEY_UILaunchStoryboardName = LaunchScreen;
				INFOPLIST_KEY_UISupportedInterfaceOrientations_iPad = "UIInterfaceOrientationPortrait UIInterfaceOrientationPortraitUpsideDown UIInterfaceOrientationLandscapeLeft UIInterfaceOrientationLandscapeRight";
				INFOPLIST_KEY_UISupportedInterfaceOrientations_iPhone = "UIInterfaceOrientationPortrait UIInterfaceOrientationLandscapeLeft UIInterfaceOrientationLandscapeRight";
				LD_RUNPATH_SEARCH_PATHS = (
					"$(inherited)",
					"@executable_path/Frameworks",
				);
				MARKETING_VERSION = 1.0;
				PRODUCT_BUNDLE_IDENTIFIER = com.alin.petrus.TrafficLights;
				PRODUCT_NAME = "$(TARGET_NAME)";
				SWIFT_EMIT_LOC_STRINGS = YES;
				SWIFT_VERSION = 5.0;
				TARGETED_DEVICE_FAMILY = "1,2";
			};
			name = Debug;
		};
		6A7EA73D2C33ED3900D083C3 /* Release */ = {
			isa = XCBuildConfiguration;
			buildSettings = {
				ASSETCATALOG_COMPILER_APPICON_NAME = AppIcon;
				ASSETCATALOG_COMPILER_GLOBAL_ACCENT_COLOR_NAME = AccentColor;
				CODE_SIGN_STYLE = Automatic;
				CURRENT_PROJECT_VERSION = 1;
				DEVELOPMENT_TEAM = 67H5W5F3SW;
				GENERATE_INFOPLIST_FILE = YES;
				INFOPLIST_FILE = TrafficLights/Info.plist;
				INFOPLIST_KEY_UIApplicationSupportsIndirectInputEvents = YES;
				INFOPLIST_KEY_UILaunchStoryboardName = LaunchScreen;
				INFOPLIST_KEY_UISupportedInterfaceOrientations_iPad = "UIInterfaceOrientationPortrait UIInterfaceOrientationPortraitUpsideDown UIInterfaceOrientationLandscapeLeft UIInterfaceOrientationLandscapeRight";
				INFOPLIST_KEY_UISupportedInterfaceOrientations_iPhone = "UIInterfaceOrientationPortrait UIInterfaceOrientationLandscapeLeft UIInterfaceOrientationLandscapeRight";
				LD_RUNPATH_SEARCH_PATHS = (
					"$(inherited)",
					"@executable_path/Frameworks",
				);
				MARKETING_VERSION = 1.0;
				PRODUCT_BUNDLE_IDENTIFIER = com.alin.petrus.TrafficLights;
				PRODUCT_NAME = "$(TARGET_NAME)";
				SWIFT_EMIT_LOC_STRINGS = YES;
				SWIFT_VERSION = 5.0;
				TARGETED_DEVICE_FAMILY = "1,2";
			};
			name = Release;
		};
/* End XCBuildConfiguration section */

/* Begin XCConfigurationList section */
		6A7BC40F2C35305E006D2045 /* Build configuration list for PBXNativeTarget "TrafficLightsTests" */ = {
			isa = XCConfigurationList;
			buildConfigurations = (
				6A7BC4102C35305E006D2045 /* Debug */,
				6A7BC4112C35305E006D2045 /* Release */,
			);
			defaultConfigurationIsVisible = 0;
			defaultConfigurationName = Release;
		};
		6A7EA7222C33ED3600D083C3 /* Build configuration list for PBXProject "TrafficLights" */ = {
			isa = XCConfigurationList;
			buildConfigurations = (
				6A7EA7392C33ED3900D083C3 /* Debug */,
				6A7EA73A2C33ED3900D083C3 /* Release */,
			);
			defaultConfigurationIsVisible = 0;
			defaultConfigurationName = Release;
		};
		6A7EA73B2C33ED3900D083C3 /* Build configuration list for PBXNativeTarget "TrafficLights" */ = {
			isa = XCConfigurationList;
			buildConfigurations = (
				6A7EA73C2C33ED3900D083C3 /* Debug */,
				6A7EA73D2C33ED3900D083C3 /* Release */,
			);
			defaultConfigurationIsVisible = 0;
			defaultConfigurationName = Release;
		};
/* End XCConfigurationList section */

/* Begin XCRemoteSwiftPackageReference section */
		6A7EA7942C34425500D083C3 /* XCRemoteSwiftPackageReference "SwiftLintPlugins" */ = {
			isa = XCRemoteSwiftPackageReference;
			repositoryURL = "https://github.com/SimplyDanny/SwiftLintPlugins";
			requirement = {
				kind = upToNextMajorVersion;
				minimumVersion = 0.55.1;
			};
		};
/* End XCRemoteSwiftPackageReference section */

/* Begin XCSwiftPackageProductDependency section */
		6A7BC42B2C354D9D006D2045 /* SwiftLintBuildToolPlugin */ = {
			isa = XCSwiftPackageProductDependency;
			package = 6A7EA7942C34425500D083C3 /* XCRemoteSwiftPackageReference "SwiftLintPlugins" */;
			productName = "plugin:SwiftLintBuildToolPlugin";
		};
		6A7EA7952C34426E00D083C3 /* SwiftLintBuildToolPlugin */ = {
			isa = XCSwiftPackageProductDependency;
			package = 6A7EA7942C34425500D083C3 /* XCRemoteSwiftPackageReference "SwiftLintPlugins" */;
			productName = "plugin:SwiftLintBuildToolPlugin";
		};
/* End XCSwiftPackageProductDependency section */
	};
	rootObject = 6A7EA71F2C33ED3600D083C3 /* Project object */;
}
